GEM
  remote: https://rubygems.org/
  specs:
    datadog (2.22.0)
      datadog-ruby_core_source (~> 3.4, >= 3.4.1)
      libdatadog (~> 22.0.1.1.0)
      libddwaf (~> 1.25.1.1.0)
      logger
      msgpack
    datadog-ruby_core_source (3.4.1)
    ffi (1.16.3)
    libdatadog (22.0.1.1.0)
    libddwaf (1.25.1.1.0)
      ffi (~> 1.0)
    logger (1.7.0)
    msgpack (1.8.0)

PLATFORMS
  aarch64-linux
  arm64-darwin
  ruby
  x86_64-darwin
  x86_64-linux

DEPENDENCIES
  datadog
  ffi (= 1.16.3)
  libdatadog
  libddwaf

BUNDLED WITH
   2.4.22
